// !$*UTF8*$!
{
	archiveVersion = 1;
	classes = {
	};
	objectVersion = 55;
	objects = {

/* Begin PBXBuildFile section */
		C040CB8428F337410005DD91 /* ContactsTableViewCell.swift in Sources */ = {isa = PBXBuildFile; fileRef = C040CB8328F337410005DD91 /* ContactsTableViewCell.swift */; };
		C040CB8728F346F40005DD91 /* WebService.swift in Sources */ = {isa = PBXBuildFile; fileRef = C040CB8628F346F40005DD91 /* WebService.swift */; };
		C040CB8A28F349C60005DD91 /* Contact.swift in Sources */ = {isa = PBXBuildFile; fileRef = C040CB8928F349C60005DD91 /* Contact.swift */; };
		C040CB8D28F34D010005DD91 /* ContactViewModel.swift in Sources */ = {isa = PBXBuildFile; fileRef = C040CB8C28F34D010005DD91 /* ContactViewModel.swift */; };
		C0449E1B28F2DC4000C10060 /* AppDelegate.swift in Sources */ = {isa = PBXBuildFile; fileRef = C0449E1A28F2DC4000C10060 /* AppDelegate.swift */; };
		C0449E1D28F2DC4000C10060 /* SceneDelegate.swift in Sources */ = {isa = PBXBuildFile; fileRef = C0449E1C28F2DC4000C10060 /* SceneDelegate.swift */; };
		C0449E2228F2DC4000C10060 /* Main.storyboard in Resources */ = {isa = PBXBuildFile; fileRef = C0449E2028F2DC4000C10060 /* Main.storyboard */; };
		C0449E2428F2DC4200C10060 /* Assets.xcassets in Resources */ = {isa = PBXBuildFile; fileRef = C0449E2328F2DC4200C10060 /* Assets.xcassets */; };
		C0449E2728F2DC4200C10060 /* LaunchScreen.storyboard in Resources */ = {isa = PBXBuildFile; fileRef = C0449E2528F2DC4200C10060 /* LaunchScreen.storyboard */; };
		C0449E3228F2DC4300C10060 /* VMTests.swift in Sources */ = {isa = PBXBuildFile; fileRef = C0449E3128F2DC4300C10060 /* VMTests.swift */; };
		C0449E3C28F2DC4300C10060 /* VMUITests.swift in Sources */ = {isa = PBXBuildFile; fileRef = C0449E3B28F2DC4300C10060 /* VMUITests.swift */; };
		C0449E3E28F2DC4300C10060 /* VMUITestsLaunchTests.swift in Sources */ = {isa = PBXBuildFile; fileRef = C0449E3D28F2DC4300C10060 /* VMUITestsLaunchTests.swift */; };
		C0449E4C28F2FD4D00C10060 /* ContactsViewController.swift in Sources */ = {isa = PBXBuildFile; fileRef = C0449E4B28F2FD4D00C10060 /* ContactsViewController.swift */; };
		C0449E4E28F2FD5B00C10060 /* RoomsViewController.swift in Sources */ = {isa = PBXBuildFile; fileRef = C0449E4D28F2FD5B00C10060 /* RoomsViewController.swift */; };
		C07D4C5B28F3DDBE00972C59 /* Bindable.swift in Sources */ = {isa = PBXBuildFile; fileRef = C07D4C5A28F3DDBE00972C59 /* Bindable.swift */; };
		C07D4C5D28F3FD2700972C59 /* DetailsViewController.swift in Sources */ = {isa = PBXBuildFile; fileRef = C07D4C5C28F3FD2700972C59 /* DetailsViewController.swift */; };
		C07D4C5F28F4081200972C59 /* RoomsTableViewCell.swift in Sources */ = {isa = PBXBuildFile; fileRef = C07D4C5E28F4081200972C59 /* RoomsTableViewCell.swift */; };
		C07D4C6128F4097600972C59 /* Room.swift in Sources */ = {isa = PBXBuildFile; fileRef = C07D4C6028F4097600972C59 /* Room.swift */; };
		C07D4C6328F409AF00972C59 /* RoomViewModel.swift in Sources */ = {isa = PBXBuildFile; fileRef = C07D4C6228F409AF00972C59 /* RoomViewModel.swift */; };
/* End PBXBuildFile section */

/* Begin PBXContainerItemProxy section */
		C0449E2E28F2DC4300C10060 /* PBXContainerItemProxy */ = {
			isa = PBXContainerItemProxy;
			containerPortal = C0449E0F28F2DC4000C10060 /* Project object */;
			proxyType = 1;
			remoteGlobalIDString = C0449E1628F2DC4000C10060;
			remoteInfo = VM;
		};
		C0449E3828F2DC4300C10060 /* PBXContainerItemProxy */ = {
			isa = PBXContainerItemProxy;
			containerPortal = C0449E0F28F2DC4000C10060 /* Project object */;
			proxyType = 1;
			remoteGlobalIDString = C0449E1628F2DC4000C10060;
			remoteInfo = VM;
		};
/* End PBXContainerItemProxy section */

/* Begin PBXFileReference section */
		C040CB8328F337410005DD91 /* ContactsTableViewCell.swift */ = {isa = PBXFileReference; lastKnownFileType = sourcecode.swift; path = ContactsTableViewCell.swift; sourceTree = "<group>"; };
		C040CB8628F346F40005DD91 /* WebService.swift */ = {isa = PBXFileReference; lastKnownFileType = sourcecode.swift; path = WebService.swift; sourceTree = "<group>"; };
		C040CB8928F349C60005DD91 /* Contact.swift */ = {isa = PBXFileReference; lastKnownFileType = sourcecode.swift; path = Contact.swift; sourceTree = "<group>"; };
		C040CB8C28F34D010005DD91 /* ContactViewModel.swift */ = {isa = PBXFileReference; lastKnownFileType = sourcecode.swift; path = ContactViewModel.swift; sourceTree = "<group>"; };
		C0449E1728F2DC4000C10060 /* VM.app */ = {isa = PBXFileReference; explicitFileType = wrapper.application; includeInIndex = 0; path = VM.app; sourceTree = BUILT_PRODUCTS_DIR; };
		C0449E1A28F2DC4000C10060 /* AppDelegate.swift */ = {isa = PBXFileReference; lastKnownFileType = sourcecode.swift; path = AppDelegate.swift; sourceTree = "<group>"; };
		C0449E1C28F2DC4000C10060 /* SceneDelegate.swift */ = {isa = PBXFileReference; lastKnownFileType = sourcecode.swift; path = SceneDelegate.swift; sourceTree = "<group>"; };
		C0449E2128F2DC4000C10060 /* Base */ = {isa = PBXFileReference; lastKnownFileType = file.storyboard; name = Base; path = Base.lproj/Main.storyboard; sourceTree = "<group>"; };
		C0449E2328F2DC4200C10060 /* Assets.xcassets */ = {isa = PBXFileReference; lastKnownFileType = folder.assetcatalog; path = Assets.xcassets; sourceTree = "<group>"; };
		C0449E2628F2DC4200C10060 /* Base */ = {isa = PBXFileReference; lastKnownFileType = file.storyboard; name = Base; path = Base.lproj/LaunchScreen.storyboard; sourceTree = "<group>"; };
		C0449E2828F2DC4200C10060 /* Info.plist */ = {isa = PBXFileReference; lastKnownFileType = text.plist.xml; path = Info.plist; sourceTree = "<group>"; };
		C0449E2D28F2DC4300C10060 /* VMTests.xctest */ = {isa = PBXFileReference; explicitFileType = wrapper.cfbundle; includeInIndex = 0; path = VMTests.xctest; sourceTree = BUILT_PRODUCTS_DIR; };
		C0449E3128F2DC4300C10060 /* VMTests.swift */ = {isa = PBXFileReference; lastKnownFileType = sourcecode.swift; path = VMTests.swift; sourceTree = "<group>"; };
		C0449E3728F2DC4300C10060 /* VMUITests.xctest */ = {isa = PBXFileReference; explicitFileType = wrapper.cfbundle; includeInIndex = 0; path = VMUITests.xctest; sourceTree = BUILT_PRODUCTS_DIR; };
		C0449E3B28F2DC4300C10060 /* VMUITests.swift */ = {isa = PBXFileReference; lastKnownFileType = sourcecode.swift; path = VMUITests.swift; sourceTree = "<group>"; };
		C0449E3D28F2DC4300C10060 /* VMUITestsLaunchTests.swift */ = {isa = PBXFileReference; lastKnownFileType = sourcecode.swift; path = VMUITestsLaunchTests.swift; sourceTree = "<group>"; };
		C0449E4B28F2FD4D00C10060 /* ContactsViewController.swift */ = {isa = PBXFileReference; lastKnownFileType = sourcecode.swift; path = ContactsViewController.swift; sourceTree = "<group>"; };
		C0449E4D28F2FD5B00C10060 /* RoomsViewController.swift */ = {isa = PBXFileReference; lastKnownFileType = sourcecode.swift; path = RoomsViewController.swift; sourceTree = "<group>"; };
		C07D4C5A28F3DDBE00972C59 /* Bindable.swift */ = {isa = PBXFileReference; lastKnownFileType = sourcecode.swift; path = Bindable.swift; sourceTree = "<group>"; };
		C07D4C5C28F3FD2700972C59 /* DetailsViewController.swift */ = {isa = PBXFileReference; lastKnownFileType = sourcecode.swift; path = DetailsViewController.swift; sourceTree = "<group>"; };
		C07D4C5E28F4081200972C59 /* RoomsTableViewCell.swift */ = {isa = PBXFileReference; lastKnownFileType = sourcecode.swift; path = RoomsTableViewCell.swift; sourceTree = "<group>"; };
		C07D4C6028F4097600972C59 /* Room.swift */ = {isa = PBXFileReference; lastKnownFileType = sourcecode.swift; path = Room.swift; sourceTree = "<group>"; };
		C07D4C6228F409AF00972C59 /* RoomViewModel.swift */ = {isa = PBXFileReference; lastKnownFileType = sourcecode.swift; path = RoomViewModel.swift; sourceTree = "<group>"; };
/* End PBXFileReference section */

/* Begin PBXFrameworksBuildPhase section */
		C0449E1428F2DC4000C10060 /* Frameworks */ = {
			isa = PBXFrameworksBuildPhase;
			buildActionMask = 2147483647;
			files = (
			);
			runOnlyForDeploymentPostprocessing = 0;
		};
		C0449E2A28F2DC4300C10060 /* Frameworks */ = {
			isa = PBXFrameworksBuildPhase;
			buildActionMask = 2147483647;
			files = (
			);
			runOnlyForDeploymentPostprocessing = 0;
		};
		C0449E3428F2DC4300C10060 /* Frameworks */ = {
			isa = PBXFrameworksBuildPhase;
			buildActionMask = 2147483647;
			files = (
			);
			runOnlyForDeploymentPostprocessing = 0;
		};
/* End PBXFrameworksBuildPhase section */

/* Begin PBXGroup section */
		C027D6C428F36F3B0040D39F /* Custom Views */ = {
			isa = PBXGroup;
			children = (
				C07D4C5A28F3DDBE00972C59 /* Bindable.swift */,
			);
			path = "Custom Views";
			sourceTree = "<group>";
		};
		C040CB8528F346E00005DD91 /* Services */ = {
			isa = PBXGroup;
			children = (
				C040CB8628F346F40005DD91 /* WebService.swift */,
			);
			path = Services;
			sourceTree = "<group>";
		};
		C040CB8828F349B10005DD91 /* Models */ = {
			isa = PBXGroup;
			children = (
				C040CB8928F349C60005DD91 /* Contact.swift */,
				C07D4C6028F4097600972C59 /* Room.swift */,
			);
			path = Models;
			sourceTree = "<group>";
		};
		C040CB8B28F34CE60005DD91 /* ViewModels */ = {
			isa = PBXGroup;
			children = (
				C040CB8C28F34D010005DD91 /* ContactViewModel.swift */,
				C07D4C6228F409AF00972C59 /* RoomViewModel.swift */,
			);
			path = ViewModels;
			sourceTree = "<group>";
		};
		C040CB8E28F35AEC0005DD91 /* Cells */ = {
			isa = PBXGroup;
			children = (
				C040CB8328F337410005DD91 /* ContactsTableViewCell.swift */,
				C07D4C5E28F4081200972C59 /* RoomsTableViewCell.swift */,
			);
			path = Cells;
			sourceTree = "<group>";
		};
		C040CB8F28F35B100005DD91 /* Views */ = {
			isa = PBXGroup;
			children = (
				C0449E4B28F2FD4D00C10060 /* ContactsViewController.swift */,
				C07D4C5C28F3FD2700972C59 /* DetailsViewController.swift */,
				C0449E4D28F2FD5B00C10060 /* RoomsViewController.swift */,
			);
			path = Views;
			sourceTree = "<group>";
		};
		C0449E0E28F2DC4000C10060 = {
			isa = PBXGroup;
			children = (
				C0449E1928F2DC4000C10060 /* VM */,
				C0449E3028F2DC4300C10060 /* VMTests */,
				C0449E3A28F2DC4300C10060 /* VMUITests */,
				C0449E1828F2DC4000C10060 /* Products */,
			);
			sourceTree = "<group>";
		};
		C0449E1828F2DC4000C10060 /* Products */ = {
			isa = PBXGroup;
			children = (
				C0449E1728F2DC4000C10060 /* VM.app */,
				C0449E2D28F2DC4300C10060 /* VMTests.xctest */,
				C0449E3728F2DC4300C10060 /* VMUITests.xctest */,
			);
			name = Products;
			sourceTree = "<group>";
		};
		C0449E1928F2DC4000C10060 /* VM */ = {
			isa = PBXGroup;
			children = (
				C027D6C428F36F3B0040D39F /* Custom Views */,
				C040CB8528F346E00005DD91 /* Services */,
				C040CB8828F349B10005DD91 /* Models */,
				C040CB8B28F34CE60005DD91 /* ViewModels */,
				C040CB8F28F35B100005DD91 /* Views */,
				C040CB8E28F35AEC0005DD91 /* Cells */,
				C0449E1A28F2DC4000C10060 /* AppDelegate.swift */,
				C0449E1C28F2DC4000C10060 /* SceneDelegate.swift */,
				C0449E2028F2DC4000C10060 /* Main.storyboard */,
				C0449E2328F2DC4200C10060 /* Assets.xcassets */,
				C0449E2528F2DC4200C10060 /* LaunchScreen.storyboard */,
				C0449E2828F2DC4200C10060 /* Info.plist */,
			);
			path = VM;
			sourceTree = "<group>";
		};
		C0449E3028F2DC4300C10060 /* VMTests */ = {
			isa = PBXGroup;
			children = (
				C0449E3128F2DC4300C10060 /* VMTests.swift */,
			);
			path = VMTests;
			sourceTree = "<group>";
		};
		C0449E3A28F2DC4300C10060 /* VMUITests */ = {
			isa = PBXGroup;
			children = (
				C0449E3B28F2DC4300C10060 /* VMUITests.swift */,
				C0449E3D28F2DC4300C10060 /* VMUITestsLaunchTests.swift */,
			);
			path = VMUITests;
			sourceTree = "<group>";
		};
/* End PBXGroup section */

/* Begin PBXNativeTarget section */
		C0449E1628F2DC4000C10060 /* VM */ = {
			isa = PBXNativeTarget;
			buildConfigurationList = C0449E4128F2DC4300C10060 /* Build configuration list for PBXNativeTarget "VM" */;
			buildPhases = (
				C0449E1328F2DC4000C10060 /* Sources */,
				C0449E1428F2DC4000C10060 /* Frameworks */,
				C0449E1528F2DC4000C10060 /* Resources */,
			);
			buildRules = (
			);
			dependencies = (
			);
			name = VM;
			productName = VM;
			productReference = C0449E1728F2DC4000C10060 /* VM.app */;
			productType = "com.apple.product-type.application";
		};
		C0449E2C28F2DC4300C10060 /* VMTests */ = {
			isa = PBXNativeTarget;
			buildConfigurationList = C0449E4428F2DC4300C10060 /* Build configuration list for PBXNativeTarget "VMTests" */;
			buildPhases = (
				C0449E2928F2DC4300C10060 /* Sources */,
				C0449E2A28F2DC4300C10060 /* Frameworks */,
				C0449E2B28F2DC4300C10060 /* Resources */,
			);
			buildRules = (
			);
			dependencies = (
				C0449E2F28F2DC4300C10060 /* PBXTargetDependency */,
			);
			name = VMTests;
			productName = VMTests;
			productReference = C0449E2D28F2DC4300C10060 /* VMTests.xctest */;
			productType = "com.apple.product-type.bundle.unit-test";
		};
		C0449E3628F2DC4300C10060 /* VMUITests */ = {
			isa = PBXNativeTarget;
			buildConfigurationList = C0449E4728F2DC4300C10060 /* Build configuration list for PBXNativeTarget "VMUITests" */;
			buildPhases = (
				C0449E3328F2DC4300C10060 /* Sources */,
				C0449E3428F2DC4300C10060 /* Frameworks */,
				C0449E3528F2DC4300C10060 /* Resources */,
			);
			buildRules = (
			);
			dependencies = (
				C0449E3928F2DC4300C10060 /* PBXTargetDependency */,
			);
			name = VMUITests;
			productName = VMUITests;
			productReference = C0449E3728F2DC4300C10060 /* VMUITests.xctest */;
			productType = "com.apple.product-type.bundle.ui-testing";
		};
/* End PBXNativeTarget section */

/* Begin PBXProject section */
		C0449E0F28F2DC4000C10060 /* Project object */ = {
			isa = PBXProject;
			attributes = {
				BuildIndependentTargetsInParallel = 1;
				LastSwiftUpdateCheck = 1310;
				LastUpgradeCheck = 1310;
				TargetAttributes = {
					C0449E1628F2DC4000C10060 = {
						CreatedOnToolsVersion = 13.1;
					};
					C0449E2C28F2DC4300C10060 = {
						CreatedOnToolsVersion = 13.1;
						TestTargetID = C0449E1628F2DC4000C10060;
					};
					C0449E3628F2DC4300C10060 = {
						CreatedOnToolsVersion = 13.1;
						TestTargetID = C0449E1628F2DC4000C10060;
					};
				};
			};
			buildConfigurationList = C0449E1228F2DC4000C10060 /* Build configuration list for PBXProject "VM" */;
			compatibilityVersion = "Xcode 13.0";
			developmentRegion = en;
			hasScannedForEncodings = 0;
			knownRegions = (
				en,
				Base,
			);
			mainGroup = C0449E0E28F2DC4000C10060;
			productRefGroup = C0449E1828F2DC4000C10060 /* Products */;
			projectDirPath = "";
			projectRoot = "";
			targets = (
				C0449E1628F2DC4000C10060 /* VM */,
				C0449E2C28F2DC4300C10060 /* VMTests */,
				C0449E3628F2DC4300C10060 /* VMUITests */,
			);
		};
/* End PBXProject section */

/* Begin PBXResourcesBuildPhase section */
		C0449E1528F2DC4000C10060 /* Resources */ = {
			isa = PBXResourcesBuildPhase;
			buildActionMask = 2147483647;
			files = (
				C0449E2728F2DC4200C10060 /* LaunchScreen.storyboard in Resources */,
				C0449E2428F2DC4200C10060 /* Assets.xcassets in Resources */,
				C0449E2228F2DC4000C10060 /* Main.storyboard in Resources */,
			);
			runOnlyForDeploymentPostprocessing = 0;
		};
		C0449E2B28F2DC4300C10060 /* Resources */ = {
			isa = PBXResourcesBuildPhase;
			buildActionMask = 2147483647;
			files = (
			);
			runOnlyForDeploymentPostprocessing = 0;
		};
		C0449E3528F2DC4300C10060 /* Resources */ = {
			isa = PBXResourcesBuildPhase;
			buildActionMask = 2147483647;
			files = (
			);
			runOnlyForDeploymentPostprocessing = 0;
		};
/* End PBXResourcesBuildPhase section */

/* Begin PBXSourcesBuildPhase section */
		C0449E1328F2DC4000C10060 /* Sources */ = {
			isa = PBXSourcesBuildPhase;
			buildActionMask = 2147483647;
			files = (
				C0449E4C28F2FD4D00C10060 /* ContactsViewController.swift in Sources */,
				C07D4C6128F4097600972C59 /* Room.swift in Sources */,
				C040CB8728F346F40005DD91 /* WebService.swift in Sources */,
				C07D4C5F28F4081200972C59 /* RoomsTableViewCell.swift in Sources */,
				C040CB8428F337410005DD91 /* ContactsTableViewCell.swift in Sources */,
				C07D4C5B28F3DDBE00972C59 /* Bindable.swift in Sources */,
				C040CB8A28F349C60005DD91 /* Contact.swift in Sources */,
				C0449E4E28F2FD5B00C10060 /* RoomsViewController.swift in Sources */,
				C07D4C6328F409AF00972C59 /* RoomViewModel.swift in Sources */,
				C0449E1B28F2DC4000C10060 /* AppDelegate.swift in Sources */,
				C040CB8D28F34D010005DD91 /* ContactViewModel.swift in Sources */,
				C0449E1D28F2DC4000C10060 /* SceneDelegate.swift in Sources */,
				C07D4C5D28F3FD2700972C59 /* DetailsViewController.swift in Sources */,
			);
			runOnlyForDeploymentPostprocessing = 0;
		};
		C0449E2928F2DC4300C10060 /* Sources */ = {
			isa = PBXSourcesBuildPhase;
			buildActionMask = 2147483647;
			files = (
				C0449E3228F2DC4300C10060 /* VMTests.swift in Sources */,
			);
			runOnlyForDeploymentPostprocessing = 0;
		};
		C0449E3328F2DC4300C10060 /* Sources */ = {
			isa = PBXSourcesBuildPhase;
			buildActionMask = 2147483647;
			files = (
				C0449E3C28F2DC4300C10060 /* VMUITests.swift in Sources */,
				C0449E3E28F2DC4300C10060 /* VMUITestsLaunchTests.swift in Sources */,
			);
			runOnlyForDeploymentPostprocessing = 0;
		};
/* End PBXSourcesBuildPhase section */

/* Begin PBXTargetDependency section */
		C0449E2F28F2DC4300C10060 /* PBXTargetDependency */ = {
			isa = PBXTargetDependency;
			target = C0449E1628F2DC4000C10060 /* VM */;
			targetProxy = C0449E2E28F2DC4300C10060 /* PBXContainerItemProxy */;
		};
		C0449E3928F2DC4300C10060 /* PBXTargetDependency */ = {
			isa = PBXTargetDependency;
			target = C0449E1628F2DC4000C10060 /* VM */;
			targetProxy = C0449E3828F2DC4300C10060 /* PBXContainerItemProxy */;
		};
/* End PBXTargetDependency section */

/* Begin PBXVariantGroup section */
		C0449E2028F2DC4000C10060 /* Main.storyboard */ = {
			isa = PBXVariantGroup;
			children = (
				C0449E2128F2DC4000C10060 /* Base */,
			);
			name = Main.storyboard;
			sourceTree = "<group>";
		};
		C0449E2528F2DC4200C10060 /* LaunchScreen.storyboard */ = {
			isa = PBXVariantGroup;
			children = (
				C0449E2628F2DC4200C10060 /* Base */,
			);
			name = LaunchScreen.storyboard;
			sourceTree = "<group>";
		};
/* End PBXVariantGroup section */

/* Begin XCBuildConfiguration section */
		C0449E3F28F2DC4300C10060 /* Debug */ = {
			isa = XCBuildConfiguration;
			buildSettings = {
				ALWAYS_SEARCH_USER_PATHS = NO;
				CLANG_ANALYZER_NONNULL = YES;
				CLANG_ANALYZER_NUMBER_OBJECT_CONVERSION = YES_AGGRESSIVE;
				CLANG_CXX_LANGUAGE_STANDARD = "gnu++17";
				CLANG_CXX_LIBRARY = "libc++";
				CLANG_ENABLE_MODULES = YES;
				CLANG_ENABLE_OBJC_ARC = YES;
				CLANG_ENABLE_OBJC_WEAK = YES;
				CLANG_WARN_BLOCK_CAPTURE_AUTORELEASING = YES;
				CLANG_WARN_BOOL_CONVERSION = YES;
				CLANG_WARN_COMMA = YES;
				CLANG_WARN_CONSTANT_CONVERSION = YES;
				CLANG_WARN_DEPRECATED_OBJC_IMPLEMENTATIONS = YES;
				CLANG_WARN_DIRECT_OBJC_ISA_USAGE = YES_ERROR;
				CLANG_WARN_DOCUMENTATION_COMMENTS = YES;
				CLANG_WARN_EMPTY_BODY = YES;
				CLANG_WARN_ENUM_CONVERSION = YES;
				CLANG_WARN_INFINITE_RECURSION = YES;
				CLANG_WARN_INT_CONVERSION = YES;
				CLANG_WARN_NON_LITERAL_NULL_CONVERSION = YES;
				CLANG_WARN_OBJC_IMPLICIT_RETAIN_SELF = YES;
				CLANG_WARN_OBJC_LITERAL_CONVERSION = YES;
				CLANG_WARN_OBJC_ROOT_CLASS = YES_ERROR;
				CLANG_WARN_QUOTED_INCLUDE_IN_FRAMEWORK_HEADER = YES;
				CLANG_WARN_RANGE_LOOP_ANALYSIS = YES;
				CLANG_WARN_STRICT_PROTOTYPES = YES;
				CLANG_WARN_SUSPICIOUS_MOVE = YES;
				CLANG_WARN_UNGUARDED_AVAILABILITY = YES_AGGRESSIVE;
				CLANG_WARN_UNREACHABLE_CODE = YES;
				CLANG_WARN__DUPLICATE_METHOD_MATCH = YES;
				COPY_PHASE_STRIP = NO;
				DEBUG_INFORMATION_FORMAT = dwarf;
				ENABLE_STRICT_OBJC_MSGSEND = YES;
				ENABLE_TESTABILITY = YES;
				GCC_C_LANGUAGE_STANDARD = gnu11;
				GCC_DYNAMIC_NO_PIC = NO;
				GCC_NO_COMMON_BLOCKS = YES;
				GCC_OPTIMIZATION_LEVEL = 0;
				GCC_PREPROCESSOR_DEFINITIONS = (
					"DEBUG=1",
					"$(inherited)",
				);
				GCC_WARN_64_TO_32_BIT_CONVERSION = YES;
				GCC_WARN_ABOUT_RETURN_TYPE = YES_ERROR;
				GCC_WARN_UNDECLARED_SELECTOR = YES;
				GCC_WARN_UNINITIALIZED_AUTOS = YES_AGGRESSIVE;
				GCC_WARN_UNUSED_FUNCTION = YES;
				GCC_WARN_UNUSED_VARIABLE = YES;
				IPHONEOS_DEPLOYMENT_TARGET = 15.0;
				MTL_ENABLE_DEBUG_INFO = INCLUDE_SOURCE;
				MTL_FAST_MATH = YES;
				ONLY_ACTIVE_ARCH = YES;
				SDKROOT = iphoneos;
				SWIFT_ACTIVE_COMPILATION_CONDITIONS = DEBUG;
				SWIFT_OPTIMIZATION_LEVEL = "-Onone";
				SWIFT_VERSION = 5.0;
			};
			name = Debug;
		};
		C0449E4028F2DC4300C10060 /* Release */ = {
			isa = XCBuildConfiguration;
			buildSettings = {
				ALWAYS_SEARCH_USER_PATHS = NO;
				CLANG_ANALYZER_NONNULL = YES;
				CLANG_ANALYZER_NUMBER_OBJECT_CONVERSION = YES_AGGRESSIVE;
				CLANG_CXX_LANGUAGE_STANDARD = "gnu++17";
				CLANG_CXX_LIBRARY = "libc++";
				CLANG_ENABLE_MODULES = YES;
				CLANG_ENABLE_OBJC_ARC = YES;
				CLANG_ENABLE_OBJC_WEAK = YES;
				CLANG_WARN_BLOCK_CAPTURE_AUTORELEASING = YES;
				CLANG_WARN_BOOL_CONVERSION = YES;
				CLANG_WARN_COMMA = YES;
				CLANG_WARN_CONSTANT_CONVERSION = YES;
				CLANG_WARN_DEPRECATED_OBJC_IMPLEMENTATIONS = YES;
				CLANG_WARN_DIRECT_OBJC_ISA_USAGE = YES_ERROR;
				CLANG_WARN_DOCUMENTATION_COMMENTS = YES;
				CLANG_WARN_EMPTY_BODY = YES;
				CLANG_WARN_ENUM_CONVERSION = YES;
				CLANG_WARN_INFINITE_RECURSION = YES;
				CLANG_WARN_INT_CONVERSION = YES;
				CLANG_WARN_NON_LITERAL_NULL_CONVERSION = YES;
				CLANG_WARN_OBJC_IMPLICIT_RETAIN_SELF = YES;
				CLANG_WARN_OBJC_LITERAL_CONVERSION = YES;
				CLANG_WARN_OBJC_ROOT_CLASS = YES_ERROR;
				CLANG_WARN_QUOTED_INCLUDE_IN_FRAMEWORK_HEADER = YES;
				CLANG_WARN_RANGE_LOOP_ANALYSIS = YES;
				CLANG_WARN_STRICT_PROTOTYPES = YES;
				CLANG_WARN_SUSPICIOUS_MOVE = YES;
				CLANG_WARN_UNGUARDED_AVAILABILITY = YES_AGGRESSIVE;
				CLANG_WARN_UNREACHABLE_CODE = YES;
				CLANG_WARN__DUPLICATE_METHOD_MATCH = YES;
				COPY_PHASE_STRIP = NO;
				DEBUG_INFORMATION_FORMAT = "dwarf-with-dsym";
				ENABLE_NS_ASSERTIONS = NO;
				ENABLE_STRICT_OBJC_MSGSEND = YES;
				GCC_C_LANGUAGE_STANDARD = gnu11;
				GCC_NO_COMMON_BLOCKS = YES;
				GCC_WARN_64_TO_32_BIT_CONVERSION = YES;
				GCC_WARN_ABOUT_RETURN_TYPE = YES_ERROR;
				GCC_WARN_UNDECLARED_SELECTOR = YES;
				GCC_WARN_UNINITIALIZED_AUTOS = YES_AGGRESSIVE;
				GCC_WARN_UNUSED_FUNCTION = YES;
				GCC_WARN_UNUSED_VARIABLE = YES;
				IPHONEOS_DEPLOYMENT_TARGET = 15.0;
				MTL_ENABLE_DEBUG_INFO = NO;
				MTL_FAST_MATH = YES;
				SDKROOT = iphoneos;
				SWIFT_COMPILATION_MODE = wholemodule;
				SWIFT_OPTIMIZATION_LEVEL = "-O";
				SWIFT_VERSION = 5.0;
				VALIDATE_PRODUCT = YES;
			};
			name = Release;
		};
		C0449E4228F2DC4300C10060 /* Debug */ = {
			isa = XCBuildConfiguration;
			buildSettings = {
				ASSETCATALOG_COMPILER_APPICON_NAME = AppIcon;
				ASSETCATALOG_COMPILER_GLOBAL_ACCENT_COLOR_NAME = AccentColor;
				CODE_SIGN_STYLE = Automatic;
				CURRENT_PROJECT_VERSION = 1;
				DEVELOPMENT_TEAM = C88MAY6VXA;
				GENERATE_INFOPLIST_FILE = YES;
				INFOPLIST_FILE = VM/Info.plist;
				INFOPLIST_KEY_CFBundleDisplayName = VirginMoney;
				INFOPLIST_KEY_UIApplicationSupportsIndirectInputEvents = YES;
				INFOPLIST_KEY_UILaunchStoryboardName = LaunchScreen;
				INFOPLIST_KEY_UIMainStoryboardFile = Main;
				INFOPLIST_KEY_UISupportedInterfaceOrientations = UIInterfaceOrientationPortrait;
				INFOPLIST_KEY_UISupportedInterfaceOrientations_iPad = "UIInterfaceOrientationPortrait UIInterfaceOrientationPortraitUpsideDown UIInterfaceOrientationLandscapeLeft UIInterfaceOrientationLandscapeRight";
				INFOPLIST_KEY_UISupportedInterfaceOrientations_iPhone = "UIInterfaceOrientationPortrait UIInterfaceOrientationLandscapeLeft UIInterfaceOrientationLandscapeRight";
				IPHONEOS_DEPLOYMENT_TARGET = 11.0;
				LD_RUNPATH_SEARCH_PATHS = (
					"$(inherited)",
					"@executable_path/Frameworks",
				);
				MARKETING_VERSION = 1.0;
				PRODUCT_BUNDLE_IDENTIFIER = co.test.VM;
				PRODUCT_NAME = "$(TARGET_NAME)";
				SWIFT_EMIT_LOC_STRINGS = YES;
				SWIFT_VERSION = 5.0;
				TARGETED_DEVICE_FAMILY = "1,2";
			};
			name = Debug;
		};
		C0449E4328F2DC4300C10060 /* Release */ = {
			isa = XCBuildConfiguration;
			buildSettings = {
				ASSETCATALOG_COMPILER_APPICON_NAME = AppIcon;
				ASSETCATALOG_COMPILER_GLOBAL_ACCENT_COLOR_NAME = AccentColor;
				CODE_SIGN_STYLE = Automatic;
				CURRENT_PROJECT_VERSION = 1;
				DEVELOPMENT_TEAM = C88MAY6VXA;
				GENERATE_INFOPLIST_FILE = YES;
				INFOPLIST_FILE = VM/Info.plist;
				INFOPLIST_KEY_CFBundleDisplayName = VirginMoney;
				INFOPLIST_KEY_UIApplicationSupportsIndirectInputEvents = YES;
				INFOPLIST_KEY_UILaunchStoryboardName = LaunchScreen;
				INFOPLIST_KEY_UIMainStoryboardFile = Main;
				INFOPLIST_KEY_UISupportedInterfaceOrientations = UIInterfaceOrientationPortrait;
				INFOPLIST_KEY_UISupportedInterfaceOrientations_iPad = "UIInterfaceOrientationPortrait UIInterfaceOrientationPortraitUpsideDown UIInterfaceOrientationLandscapeLeft UIInterfaceOrientationLandscapeRight";
				INFOPLIST_KEY_UISupportedInterfaceOrientations_iPhone = "UIInterfaceOrientationPortrait UIInterfaceOrientationLandscapeLeft UIInterfaceOrientationLandscapeRight";
				IPHONEOS_DEPLOYMENT_TARGET = 11.0;
				LD_RUNPATH_SEARCH_PATHS = (
					"$(inherited)",
					"@executable_path/Frameworks",
				);
				MARKETING_VERSION = 1.0;
				PRODUCT_BUNDLE_IDENTIFIER = co.test.VM;
				PRODUCT_NAME = "$(TARGET_NAME)";
				SWIFT_EMIT_LOC_STRINGS = YES;
				SWIFT_VERSION = 5.0;
				TARGETED_DEVICE_FAMILY = "1,2";
			};
			name = Release;
		};
		C0449E4528F2DC4300C10060 /* Debug */ = {
			isa = XCBuildConfiguration;
			buildSettings = {
				ALWAYS_EMBED_SWIFT_STANDARD_LIBRARIES = YES;
				BUNDLE_LOADER = "$(TEST_HOST)";
				CODE_SIGN_STYLE = Automatic;
				CURRENT_PROJECT_VERSION = 1;
				DEVELOPMENT_TEAM = C88MAY6VXA;
				GENERATE_INFOPLIST_FILE = YES;
				IPHONEOS_DEPLOYMENT_TARGET = 15.0;
				LD_RUNPATH_SEARCH_PATHS = (
					"$(inherited)",
					"@executable_path/Frameworks",
					"@loader_path/Frameworks",
				);
				MARKETING_VERSION = 1.0;
				PRODUCT_BUNDLE_IDENTIFIER = co.test.VMTests;
				PRODUCT_NAME = "$(TARGET_NAME)";
				SWIFT_EMIT_LOC_STRINGS = NO;
				SWIFT_VERSION = 5.0;
				TARGETED_DEVICE_FAMILY = "1,2";
				TEST_HOST = "$(BUILT_PRODUCTS_DIR)/VM.app/VM";
			};
			name = Debug;
		};
		C0449E4628F2DC4300C10060 /* Release */ = {
			isa = XCBuildConfiguration;
			buildSettings = {
				ALWAYS_EMBED_SWIFT_STANDARD_LIBRARIES = YES;
				BUNDLE_LOADER = "$(TEST_HOST)";
				CODE_SIGN_STYLE = Automatic;
				CURRENT_PROJECT_VERSION = 1;
				DEVELOPMENT_TEAM = C88MAY6VXA;
				GENERATE_INFOPLIST_FILE = YES;
				IPHONEOS_DEPLOYMENT_TARGET = 15.0;
				LD_RUNPATH_SEARCH_PATHS = (
					"$(inherited)",
					"@executable_path/Frameworks",
					"@loader_path/Frameworks",
				);
				MARKETING_VERSION = 1.0;
				PRODUCT_BUNDLE_IDENTIFIER = co.test.VMTests;
				PRODUCT_NAME = "$(TARGET_NAME)";
				SWIFT_EMIT_LOC_STRINGS = NO;
				SWIFT_VERSION = 5.0;
				TARGETED_DEVICE_FAMILY = "1,2";
				TEST_HOST = "$(BUILT_PRODUCTS_DIR)/VM.app/VM";
			};
			name = Release;
		};
		C0449E4828F2DC4300C10060 /* Debug */ = {
			isa = XCBuildConfiguration;
			buildSettings = {
				ALWAYS_EMBED_SWIFT_STANDARD_LIBRARIES = YES;
				CODE_SIGN_STYLE = Automatic;
				CURRENT_PROJECT_VERSION = 1;
				DEVELOPMENT_TEAM = C88MAY6VXA;
				GENERATE_INFOPLIST_FILE = YES;
				LD_RUNPATH_SEARCH_PATHS = (
					"$(inherited)",
					"@executable_path/Frameworks",
					"@loader_path/Frameworks",
				);
				MARKETING_VERSION = 1.0;
				PRODUCT_BUNDLE_IDENTIFIER = co.test.VMUITests;
				PRODUCT_NAME = "$(TARGET_NAME)";
				SWIFT_EMIT_LOC_STRINGS = NO;
				SWIFT_VERSION = 5.0;
				TARGETED_DEVICE_FAMILY = "1,2";
				TEST_TARGET_NAME = VM;
			};
			name = Debug;
		};
		C0449E4928F2DC4300C10060 /* Release */ = {
			isa = XCBuildConfiguration;
			buildSettings = {
				ALWAYS_EMBED_SWIFT_STANDARD_LIBRARIES = YES;
				CODE_SIGN_STYLE = Automatic;
				CURRENT_PROJECT_VERSION = 1;
				DEVELOPMENT_TEAM = C88MAY6VXA;
				GENERATE_INFOPLIST_FILE = YES;
				LD_RUNPATH_SEARCH_PATHS = (
					"$(inherited)",
					"@executable_path/Frameworks",
					"@loader_path/Frameworks",
				);
				MARKETING_VERSION = 1.0;
				PRODUCT_BUNDLE_IDENTIFIER = co.test.VMUITests;
				PRODUCT_NAME = "$(TARGET_NAME)";
				SWIFT_EMIT_LOC_STRINGS = NO;
				SWIFT_VERSION = 5.0;
				TARGETED_DEVICE_FAMILY = "1,2";
				TEST_TARGET_NAME = VM;
			};
			name = Release;
		};
/* End XCBuildConfiguration section */

/* Begin XCConfigurationList section */
		C0449E1228F2DC4000C10060 /* Build configuration list for PBXProject "VM" */ = {
			isa = XCConfigurationList;
			buildConfigurations = (
				C0449E3F28F2DC4300C10060 /* Debug */,
				C0449E4028F2DC4300C10060 /* Release */,
			);
			defaultConfigurationIsVisible = 0;
			defaultConfigurationName = Release;
		};
		C0449E4128F2DC4300C10060 /* Build configuration list for PBXNativeTarget "VM" */ = {
			isa = XCConfigurationList;
			buildConfigurations = (
				C0449E4228F2DC4300C10060 /* Debug */,
				C0449E4328F2DC4300C10060 /* Release */,
			);
			defaultConfigurationIsVisible = 0;
			defaultConfigurationName = Release;
		};
		C0449E4428F2DC4300C10060 /* Build configuration list for PBXNativeTarget "VMTests" */ = {
			isa = XCConfigurationList;
			buildConfigurations = (
				C0449E4528F2DC4300C10060 /* Debug */,
				C0449E4628F2DC4300C10060 /* Release */,
			);
			defaultConfigurationIsVisible = 0;
			defaultConfigurationName = Release;
		};
		C0449E4728F2DC4300C10060 /* Build configuration list for PBXNativeTarget "VMUITests" */ = {
			isa = XCConfigurationList;
			buildConfigurations = (
				C0449E4828F2DC4300C10060 /* Debug */,
				C0449E4928F2DC4300C10060 /* Release */,
			);
			defaultConfigurationIsVisible = 0;
			defaultConfigurationName = Release;
		};
/* End XCConfigurationList section */
	};
	rootObject = C0449E0F28F2DC4000C10060 /* Project object */;
}
